<?xml version="1.0" encoding="utf-8"?>
<Project ToolsVersion="4.0" xmlns="http://schemas.microsoft.com/developer/msbuild/2003">
  <ItemGroup>
    <Filter Include="源文件">
      <UniqueIdentifier>{4FC737F1-C7A5-4376-A066-2A32D752A2FF}</UniqueIdentifier>
      <Extensions>cpp;c;cc;cxx;c++;cppm;ixx;def;odl;idl;hpj;bat;asm;asmx</Extensions>
    </Filter>
    <Filter Include="头文件">
      <UniqueIdentifier>{93995380-89BD-4b04-88EB-625FBE52EBFB}</UniqueIdentifier>
      <Extensions>h;hh;hpp;hxx;h++;hm;inl;inc;ipp;xsd</Extensions>
    </Filter>
    <Filter Include="资源文件">
      <UniqueIdentifier>{67DA6AB6-F800-4c08-8B7A-83BB121AAD01}</UniqueIdentifier>
      <Extensions>rc;ico;cur;bmp;dlg;rc2;rct;bin;rgs;gif;jpg;jpeg;jpe;resx;tiff;tif;png;wav;mfcribbon-ms</Extensions>
    </Filter>
    <Filter Include="源文件\cpp">
      <UniqueIdentifier>{babf8fee-63f0-4130-bfa6-af1659d66713}</UniqueIdentifier>
    </Filter>
    <Filter Include="源文件\cpp\tutorial_code">
      <UniqueIdentifier>{558f4317-25bd-4dd6-8a13-e1d94c1f4e36}</UniqueIdentifier>
    </Filter>
    <Filter Include="源文件\cpp\tutorial_code\core">
      <UniqueIdentifier>{25d501c0-131b-425d-9eb4-1a58a9082ac1}</UniqueIdentifier>
    </Filter>
  </ItemGroup>
  <ItemGroup>
    <ClCompile Include="main.cpp">
      <Filter>源文件</Filter>
    </ClCompile>
    <ClCompile Include="decompose_homography.cpp">
      <Filter>源文件</Filter>
    </ClCompile>
    <ClCompile Include="test.cpp">
      <Filter>源文件</Filter>
    </ClCompile>
    <ClCompile Include="Sobel_Demo.cpp">
      <Filter>源文件</Filter>
    </ClCompile>
    <ClCompile Include="samples\cpp\tutorial_code\core\mat_operations\mat_operations.cpp">
      <Filter>源文件\cpp\tutorial_code\core</Filter>
    </ClCompile>
    <ClCompile Include="samples\cpp\demhist.cpp">
      <Filter>源文件\cpp</Filter>
    </ClCompile>
    <ClCompile Include="samples\cpp\tutorial_code\core\how_to_use_OpenCV_parallel_for_\how_to_use_OpenCV_parallel_for_.cpp">
      <Filter>源文件\cpp\tutorial_code\core</Filter>
    </ClCompile>
    <ClCompile Include="test_cpp.cpp">
      <Filter>源文件</Filter>
    </ClCompile>
    <ClCompile Include="samples\cpp\test_calcCovarMatrix.cpp">
      <Filter>源文件\cpp</Filter>
    </ClCompile>
    <ClCompile Include="samples\cpp\skeletonize.cpp">
      <Filter>源文件\cpp</Filter>
    </ClCompile>
    <ClCompile Include="samples\cpp\stegerImpl.cpp">
      <Filter>源文件\cpp</Filter>
    </ClCompile>
    <ClCompile Include="samples\cpp\test_steger.cpp">
      <Filter>源文件\cpp</Filter>
    </ClCompile>
  </ItemGroup>
  <ItemGroup>
    <ClInclude Include="test.h">
      <Filter>头文件</Filter>
    </ClInclude>
    <ClInclude Include="convolution.h">
      <Filter>头文件</Filter>
    </ClInclude>
    <ClInclude Include="test_cpp.h">
      <Filter>头文件</Filter>
    </ClInclude>
    <ClInclude Include="samples\cpp\common.h">
      <Filter>源文件\cpp</Filter>
    </ClInclude>
  </ItemGroup>
</Project>